
Microsoft Visual Studio Solution File, Format Version 12.00
# Visual Studio Version 16
VisualStudioVersion = 16.0.30011.22
MinimumVisualStudioVersion = 10.0.40219.1
Project("{9A19103F-16F7-4668-BE54-9A1E7A4F7556}") = "WebMarvel", "WebMarvel\WebMarvel.csproj", "{A48F8583-E642-4EF1-9497-4BB7146856DE}"
EndProject
Project("{9A19103F-16F7-4668-BE54-9A1E7A4F7556}") = "Service", "Service\Service.csproj", "{009C482A-C44D-4B01-A758-5276BFAE32E4}"
EndProject
Global
	GlobalSection(SolutionConfigurationPlatforms) = preSolution
		Debug|Any CPU = Debug|Any CPU
		Release|Any CPU = Release|Any CPU
	EndGlobalSection
	GlobalSection(ProjectConfigurationPlatforms) = postSolution
		{A48F8583-E642-4EF1-9497-4BB7146856DE}.Debug|Any CPU.ActiveCfg = Debug|Any CPU
		{A48F8583-E642-4EF1-9497-4BB7146856DE}.Debug|Any CPU.Build.0 = Debug|Any CPU
		{A48F8583-E642-4EF1-9497-4BB7146856DE}.Release|Any CPU.ActiveCfg = Release|Any CPU
		{A48F8583-E642-4EF1-9497-4BB7146856DE}.Release|Any CPU.Build.0 = Release|Any CPU
		{009C482A-C44D-4B01-A758-5276BFAE32E4}.Debug|Any CPU.ActiveCfg = Debug|Any CPU
		{009C482A-C44D-4B01-A758-5276BFAE32E4}.Debug|Any CPU.Build.0 = Debug|Any CPU
		{009C482A-C44D-4B01-A758-5276BFAE32E4}.Release|Any CPU.ActiveCfg = Release|Any CPU
		{009C482A-C44D-4B01-A758-5276BFAE32E4}.Release|Any CPU.Build.0 = Release|Any CPU
	EndGlobalSection
	GlobalSection(SolutionProperties) = preSolution
		HideSolutionNode = FALSE
	EndGlobalSection
	GlobalSection(ExtensibilityGlobals) = postSolution
		SolutionGuid = {7AF0D01E-EE1A-46ED-84CA-414F7C4E34F4}
	EndGlobalSection
EndGlobal
